
Microsoft Visual Studio Solution File, Format Version 12.00
# Visual Studio Version 17
VisualStudioVersion = 17.2.32630.192
MinimumVisualStudioVersion = 10.0.40219.1
Project("{9A19103F-16F7-4668-BE54-9A1E7A4F7556}") = "R5T.L0050", "R5T.L0050\R5T.L0050.csproj", "{B030CB79-F42D-40AA-B4A4-8252134140BE}"
EndProject
Project("{2150E333-8FDC-42A3-9474-1A3956D46DE8}") = "_Dependencies", "_Dependencies", "{37FBEA39-5A23-4B3A-882C-142A92D6FE02}"
EndProject
Project("{9A19103F-16F7-4668-BE54-9A1E7A4F7556}") = "R5T.F0000", "..\..\R5T.F0000\source\R5T.F0000\R5T.F0000.csproj", "{58E76FB6-1681-4006-929F-43EB1A428C65}"
EndProject
Project("{9A19103F-16F7-4668-BE54-9A1E7A4F7556}") = "R5T.F0002", "..\..\R5T.F0002\source\R5T.F0002\R5T.F0002.csproj", "{EF7BC376-4853-4948-8B1B-224C161A46D0}"
EndProject
Project("{9A19103F-16F7-4668-BE54-9A1E7A4F7556}") = "R5T.F0120", "..\..\R5T.F0120\source\R5T.F0120\R5T.F0120.csproj", "{11C7E69D-215F-4CAA-9427-9FD3F950EF25}"
EndProject
Project("{9A19103F-16F7-4668-BE54-9A1E7A4F7556}") = "R5T.F0124", "..\..\R5T.F0124\source\R5T.F0124\R5T.F0124.csproj", "{0B72A941-E28B-4712-B37F-8514F141BE5B}"
EndProject
Project("{9A19103F-16F7-4668-BE54-9A1E7A4F7556}") = "R5T.F0125", "..\..\R5T.F0125\source\R5T.F0125\R5T.F0125.csproj", "{79C3DD4C-2317-4BAB-824E-E96A24936108}"
EndProject
Project("{9A19103F-16F7-4668-BE54-9A1E7A4F7556}") = "R5T.L0030.T000", "..\..\R5T.L0030\source\R5T.L0030.T000\R5T.L0030.T000.csproj", "{070D2CE7-8EDB-4007-9FCD-D8236B7E83BF}"
EndProject
Project("{9A19103F-16F7-4668-BE54-9A1E7A4F7556}") = "R5T.L0030", "..\..\R5T.L0030\source\R5T.L0030\R5T.L0030.csproj", "{BB0B1212-CE6A-4C45-8407-B28F8DE9A050}"
EndProject
Project("{9A19103F-16F7-4668-BE54-9A1E7A4F7556}") = "R5T.L0034", "..\..\R5T.L0034\source\R5T.L0034\R5T.L0034.csproj", "{06555E38-BB10-4D62-A796-8B2BF1B7A94F}"
EndProject
Project("{9A19103F-16F7-4668-BE54-9A1E7A4F7556}") = "R5T.L0035", "..\..\R5T.L0035\source\R5T.L0035\R5T.L0035.csproj", "{F805442D-7D8C-45BA-8F38-02935547DB1A}"
EndProject
Project("{9A19103F-16F7-4668-BE54-9A1E7A4F7556}") = "R5T.L0049", "..\..\R5T.L0049\source\R5T.L0049\R5T.L0049.csproj", "{6C034D81-4D00-4A27-9C6D-438D9B1E0236}"
EndProject
Project("{9A19103F-16F7-4668-BE54-9A1E7A4F7556}") = "R5T.NG0022", "..\..\R5T.NG0022\source\R5T.NG0022\R5T.NG0022.csproj", "{C47DBBBD-444A-4A0B-9E37-5DEEE12F7918}"
EndProject
Project("{9A19103F-16F7-4668-BE54-9A1E7A4F7556}") = "R5T.T0131", "..\..\R5T.T0131\source\R5T.T0131\R5T.T0131.csproj", "{8E29DD7B-2FFD-4D30-9CBC-653E203A28B9}"
EndProject
Project("{9A19103F-16F7-4668-BE54-9A1E7A4F7556}") = "R5T.T0132", "..\..\R5T.T0132\source\R5T.T0132\R5T.T0132.csproj", "{9CA7F9BF-31B0-46E3-949E-CF464B2FFD5A}"
EndProject
Project("{9A19103F-16F7-4668-BE54-9A1E7A4F7556}") = "R5T.T0142", "..\..\R5T.T0142\source\R5T.T0142\R5T.T0142.csproj", "{C14EA33E-2613-4E27-BBC5-BCE71E7C40B7}"
EndProject
Project("{9A19103F-16F7-4668-BE54-9A1E7A4F7556}") = "R5T.T0143", "..\..\R5T.T0143\source\R5T.T0143\R5T.T0143.csproj", "{F0206857-0437-4648-AA9C-FB1214F7A240}"
EndProject
Project("{9A19103F-16F7-4668-BE54-9A1E7A4F7556}") = "R5T.T0156", "..\..\R5T.T0156\source\R5T.T0156\R5T.T0156.csproj", "{3DDE34AB-C84D-43A3-BFAD-67D472EDCF92}"
EndProject
Project("{9A19103F-16F7-4668-BE54-9A1E7A4F7556}") = "R5T.T0174", "..\..\R5T.T0174\source\R5T.T0174\R5T.T0174.csproj", "{3EE18F44-D0D7-45AC-B8AD-BD56F54DB04F}"
EndProject
Project("{9A19103F-16F7-4668-BE54-9A1E7A4F7556}") = "R5T.T0176", "..\..\R5T.T0176\source\R5T.T0176\R5T.T0176.csproj", "{0360BAC7-AEFD-40D4-BD98-93B79A42FC13}"
EndProject
Project("{9A19103F-16F7-4668-BE54-9A1E7A4F7556}") = "R5T.T0177", "..\..\R5T.T0177\source\R5T.T0177\R5T.T0177.csproj", "{F1322FE0-552C-4671-B09E-9D348ACBD860}"
EndProject
Project("{9A19103F-16F7-4668-BE54-9A1E7A4F7556}") = "R5T.T0178", "..\..\R5T.T0178\source\R5T.T0178\R5T.T0178.csproj", "{9FBA3775-A297-4F13-8B74-B1C4222C1A1B}"
EndProject
Project("{9A19103F-16F7-4668-BE54-9A1E7A4F7556}") = "R5T.T0179", "..\..\R5T.T0179\source\R5T.T0179\R5T.T0179.csproj", "{B20ECE64-2BDF-413E-998C-039E7DE98753}"
EndProject
Project("{9A19103F-16F7-4668-BE54-9A1E7A4F7556}") = "R5T.T0180", "..\..\R5T.T0180\source\R5T.T0180\R5T.T0180.csproj", "{6533B349-B90B-4341-8545-A4B2AEC3729E}"
EndProject
Project("{9A19103F-16F7-4668-BE54-9A1E7A4F7556}") = "R5T.T0181", "..\..\R5T.T0181\source\R5T.T0181\R5T.T0181.csproj", "{33EAD219-3803-4D48-B86F-4079890A2C50}"
EndProject
Project("{9A19103F-16F7-4668-BE54-9A1E7A4F7556}") = "R5T.T0185", "..\..\R5T.T0185\source\R5T.T0185\R5T.T0185.csproj", "{AFF0A600-A1CE-4BED-9E49-33ECB0EA168C}"
EndProject
Project("{9A19103F-16F7-4668-BE54-9A1E7A4F7556}") = "R5T.T0199", "..\..\R5T.T0199\source\R5T.T0199\R5T.T0199.csproj", "{92868874-B790-4B04-AB76-EE29E27DE0B3}"
EndProject
Project("{9A19103F-16F7-4668-BE54-9A1E7A4F7556}") = "R5T.T0203", "..\..\R5T.T0203\source\R5T.T0203\R5T.T0203.csproj", "{D8D2EE9B-8C52-4F08-A766-DEDDE4169814}"
EndProject
Project("{9A19103F-16F7-4668-BE54-9A1E7A4F7556}") = "R5T.T0220", "..\..\R5T.T0220\source\R5T.T0220\R5T.T0220.csproj", "{4F239683-3910-48B0-8B0E-E17D6F543770}"
EndProject
Project("{9A19103F-16F7-4668-BE54-9A1E7A4F7556}") = "R5T.T0221", "..\..\R5T.T0221\source\R5T.T0221\R5T.T0221.csproj", "{551359F8-54E3-4AA0-825A-C281EF90E9F9}"
EndProject
Project("{9A19103F-16F7-4668-BE54-9A1E7A4F7556}") = "R5T.Y0000", "..\..\R5T.Y0000\source\R5T.Y0000\R5T.Y0000.csproj", "{A2C6F3EF-58A6-4BCB-BEF5-D22A30C826CE}"
EndProject
Project("{9A19103F-16F7-4668-BE54-9A1E7A4F7556}") = "R5T.Z0000", "..\..\R5T.Z0000\source\R5T.Z0000\R5T.Z0000.csproj", "{C27E7456-4739-44F6-8510-2FAA6639FAC8}"
EndProject
Project("{9A19103F-16F7-4668-BE54-9A1E7A4F7556}") = "R5T.L0050.L001", "R5T.L0050.L001\R5T.L0050.L001.csproj", "{4C07136C-EF26-449E-BC9C-901B2334106D}"
EndProject
Global
	GlobalSection(NestedProjects) = preSolution
		{58E76FB6-1681-4006-929F-43EB1A428C65} = {37FBEA39-5A23-4B3A-882C-142A92D6FE02}
		{EF7BC376-4853-4948-8B1B-224C161A46D0} = {37FBEA39-5A23-4B3A-882C-142A92D6FE02}
		{11C7E69D-215F-4CAA-9427-9FD3F950EF25} = {37FBEA39-5A23-4B3A-882C-142A92D6FE02}
		{0B72A941-E28B-4712-B37F-8514F141BE5B} = {37FBEA39-5A23-4B3A-882C-142A92D6FE02}
		{79C3DD4C-2317-4BAB-824E-E96A24936108} = {37FBEA39-5A23-4B3A-882C-142A92D6FE02}
		{070D2CE7-8EDB-4007-9FCD-D8236B7E83BF} = {37FBEA39-5A23-4B3A-882C-142A92D6FE02}
		{BB0B1212-CE6A-4C45-8407-B28F8DE9A050} = {37FBEA39-5A23-4B3A-882C-142A92D6FE02}
		{06555E38-BB10-4D62-A796-8B2BF1B7A94F} = {37FBEA39-5A23-4B3A-882C-142A92D6FE02}
		{F805442D-7D8C-45BA-8F38-02935547DB1A} = {37FBEA39-5A23-4B3A-882C-142A92D6FE02}
		{6C034D81-4D00-4A27-9C6D-438D9B1E0236} = {37FBEA39-5A23-4B3A-882C-142A92D6FE02}
		{C47DBBBD-444A-4A0B-9E37-5DEEE12F7918} = {37FBEA39-5A23-4B3A-882C-142A92D6FE02}
		{8E29DD7B-2FFD-4D30-9CBC-653E203A28B9} = {37FBEA39-5A23-4B3A-882C-142A92D6FE02}
		{9CA7F9BF-31B0-46E3-949E-CF464B2FFD5A} = {37FBEA39-5A23-4B3A-882C-142A92D6FE02}
		{C14EA33E-2613-4E27-BBC5-BCE71E7C40B7} = {37FBEA39-5A23-4B3A-882C-142A92D6FE02}
		{F0206857-0437-4648-AA9C-FB1214F7A240} = {37FBEA39-5A23-4B3A-882C-142A92D6FE02}
		{3DDE34AB-C84D-43A3-BFAD-67D472EDCF92} = {37FBEA39-5A23-4B3A-882C-142A92D6FE02}
		{3EE18F44-D0D7-45AC-B8AD-BD56F54DB04F} = {37FBEA39-5A23-4B3A-882C-142A92D6FE02}
		{0360BAC7-AEFD-40D4-BD98-93B79A42FC13} = {37FBEA39-5A23-4B3A-882C-142A92D6FE02}
		{F1322FE0-552C-4671-B09E-9D348ACBD860} = {37FBEA39-5A23-4B3A-882C-142A92D6FE02}
		{9FBA3775-A297-4F13-8B74-B1C4222C1A1B} = {37FBEA39-5A23-4B3A-882C-142A92D6FE02}
		{B20ECE64-2BDF-413E-998C-039E7DE98753} = {37FBEA39-5A23-4B3A-882C-142A92D6FE02}
		{6533B349-B90B-4341-8545-A4B2AEC3729E} = {37FBEA39-5A23-4B3A-882C-142A92D6FE02}
		{33EAD219-3803-4D48-B86F-4079890A2C50} = {37FBEA39-5A23-4B3A-882C-142A92D6FE02}
		{AFF0A600-A1CE-4BED-9E49-33ECB0EA168C} = {37FBEA39-5A23-4B3A-882C-142A92D6FE02}
		{92868874-B790-4B04-AB76-EE29E27DE0B3} = {37FBEA39-5A23-4B3A-882C-142A92D6FE02}
		{D8D2EE9B-8C52-4F08-A766-DEDDE4169814} = {37FBEA39-5A23-4B3A-882C-142A92D6FE02}
		{4F239683-3910-48B0-8B0E-E17D6F543770} = {37FBEA39-5A23-4B3A-882C-142A92D6FE02}
		{551359F8-54E3-4AA0-825A-C281EF90E9F9} = {37FBEA39-5A23-4B3A-882C-142A92D6FE02}
		{A2C6F3EF-58A6-4BCB-BEF5-D22A30C826CE} = {37FBEA39-5A23-4B3A-882C-142A92D6FE02}
		{C27E7456-4739-44F6-8510-2FAA6639FAC8} = {37FBEA39-5A23-4B3A-882C-142A92D6FE02}
		{4C07136C-EF26-449E-BC9C-901B2334106D} = {37FBEA39-5A23-4B3A-882C-142A92D6FE02}
	EndGlobalSection
	GlobalSection(SolutionConfigurationPlatforms) = preSolution
		Debug|Any CPU = Debug|Any CPU
		Release|Any CPU = Release|Any CPU
	EndGlobalSection
	GlobalSection(ProjectConfigurationPlatforms) = postSolution
		{B030CB79-F42D-40AA-B4A4-8252134140BE}.Debug|Any CPU.ActiveCfg = Debug|Any CPU
		{B030CB79-F42D-40AA-B4A4-8252134140BE}.Debug|Any CPU.Build.0 = Debug|Any CPU
		{B030CB79-F42D-40AA-B4A4-8252134140BE}.Release|Any CPU.ActiveCfg = Release|Any CPU
		{B030CB79-F42D-40AA-B4A4-8252134140BE}.Release|Any CPU.Build.0 = Release|Any CPU
		{58E76FB6-1681-4006-929F-43EB1A428C65}.Debug|Any CPU.ActiveCfg = Debug|Any CPU
		{58E76FB6-1681-4006-929F-43EB1A428C65}.Debug|Any CPU.Build.0 = Debug|Any CPU
		{58E76FB6-1681-4006-929F-43EB1A428C65}.Release|Any CPU.ActiveCfg = Release|Any CPU
		{58E76FB6-1681-4006-929F-43EB1A428C65}.Release|Any CPU.Build.0 = Release|Any CPU
		{EF7BC376-4853-4948-8B1B-224C161A46D0}.Debug|Any CPU.ActiveCfg = Debug|Any CPU
		{EF7BC376-4853-4948-8B1B-224C161A46D0}.Debug|Any CPU.Build.0 = Debug|Any CPU
		{EF7BC376-4853-4948-8B1B-224C161A46D0}.Release|Any CPU.ActiveCfg = Release|Any CPU
		{EF7BC376-4853-4948-8B1B-224C161A46D0}.Release|Any CPU.Build.0 = Release|Any CPU
		{11C7E69D-215F-4CAA-9427-9FD3F950EF25}.Debug|Any CPU.ActiveCfg = Debug|Any CPU
		{11C7E69D-215F-4CAA-9427-9FD3F950EF25}.Debug|Any CPU.Build.0 = Debug|Any CPU
		{11C7E69D-215F-4CAA-9427-9FD3F950EF25}.Release|Any CPU.ActiveCfg = Release|Any CPU
		{11C7E69D-215F-4CAA-9427-9FD3F950EF25}.Release|Any CPU.Build.0 = Release|Any CPU
		{0B72A941-E28B-4712-B37F-8514F141BE5B}.Debug|Any CPU.ActiveCfg = Debug|Any CPU
		{0B72A941-E28B-4712-B37F-8514F141BE5B}.Debug|Any CPU.Build.0 = Debug|Any CPU
		{0B72A941-E28B-4712-B37F-8514F141BE5B}.Release|Any CPU.ActiveCfg = Release|Any CPU
		{0B72A941-E28B-4712-B37F-8514F141BE5B}.Release|Any CPU.Build.0 = Release|Any CPU
		{79C3DD4C-2317-4BAB-824E-E96A24936108}.Debug|Any CPU.ActiveCfg = Debug|Any CPU
		{79C3DD4C-2317-4BAB-824E-E96A24936108}.Debug|Any CPU.Build.0 = Debug|Any CPU
		{79C3DD4C-2317-4BAB-824E-E96A24936108}.Release|Any CPU.ActiveCfg = Release|Any CPU
		{79C3DD4C-2317-4BAB-824E-E96A24936108}.Release|Any CPU.Build.0 = Release|Any CPU
		{070D2CE7-8EDB-4007-9FCD-D8236B7E83BF}.Debug|Any CPU.ActiveCfg = Debug|Any CPU
		{070D2CE7-8EDB-4007-9FCD-D8236B7E83BF}.Debug|Any CPU.Build.0 = Debug|Any CPU
		{070D2CE7-8EDB-4007-9FCD-D8236B7E83BF}.Release|Any CPU.ActiveCfg = Release|Any CPU
		{070D2CE7-8EDB-4007-9FCD-D8236B7E83BF}.Release|Any CPU.Build.0 = Release|Any CPU
		{BB0B1212-CE6A-4C45-8407-B28F8DE9A050}.Debug|Any CPU.ActiveCfg = Debug|Any CPU
		{BB0B1212-CE6A-4C45-8407-B28F8DE9A050}.Debug|Any CPU.Build.0 = Debug|Any CPU
		{BB0B1212-CE6A-4C45-8407-B28F8DE9A050}.Release|Any CPU.ActiveCfg = Release|Any CPU
		{BB0B1212-CE6A-4C45-8407-B28F8DE9A050}.Release|Any CPU.Build.0 = Release|Any CPU
		{06555E38-BB10-4D62-A796-8B2BF1B7A94F}.Debug|Any CPU.ActiveCfg = Debug|Any CPU
		{06555E38-BB10-4D62-A796-8B2BF1B7A94F}.Debug|Any CPU.Build.0 = Debug|Any CPU
		{06555E38-BB10-4D62-A796-8B2BF1B7A94F}.Release|Any CPU.ActiveCfg = Release|Any CPU
		{06555E38-BB10-4D62-A796-8B2BF1B7A94F}.Release|Any CPU.Build.0 = Release|Any CPU
		{F805442D-7D8C-45BA-8F38-02935547DB1A}.Debug|Any CPU.ActiveCfg = Debug|Any CPU
		{F805442D-7D8C-45BA-8F38-02935547DB1A}.Debug|Any CPU.Build.0 = Debug|Any CPU
		{F805442D-7D8C-45BA-8F38-02935547DB1A}.Release|Any CPU.ActiveCfg = Release|Any CPU
		{F805442D-7D8C-45BA-8F38-02935547DB1A}.Release|Any CPU.Build.0 = Release|Any CPU
		{6C034D81-4D00-4A27-9C6D-438D9B1E0236}.Debug|Any CPU.ActiveCfg = Debug|Any CPU
		{6C034D81-4D00-4A27-9C6D-438D9B1E0236}.Debug|Any CPU.Build.0 = Debug|Any CPU
		{6C034D81-4D00-4A27-9C6D-438D9B1E0236}.Release|Any CPU.ActiveCfg = Release|Any CPU
		{6C034D81-4D00-4A27-9C6D-438D9B1E0236}.Release|Any CPU.Build.0 = Release|Any CPU
		{C47DBBBD-444A-4A0B-9E37-5DEEE12F7918}.Debug|Any CPU.ActiveCfg = Debug|Any CPU
		{C47DBBBD-444A-4A0B-9E37-5DEEE12F7918}.Debug|Any CPU.Build.0 = Debug|Any CPU
		{C47DBBBD-444A-4A0B-9E37-5DEEE12F7918}.Release|Any CPU.ActiveCfg = Release|Any CPU
		{C47DBBBD-444A-4A0B-9E37-5DEEE12F7918}.Release|Any CPU.Build.0 = Release|Any CPU
		{8E29DD7B-2FFD-4D30-9CBC-653E203A28B9}.Debug|Any CPU.ActiveCfg = Debug|Any CPU
		{8E29DD7B-2FFD-4D30-9CBC-653E203A28B9}.Debug|Any CPU.Build.0 = Debug|Any CPU
		{8E29DD7B-2FFD-4D30-9CBC-653E203A28B9}.Release|Any CPU.ActiveCfg = Release|Any CPU
		{8E29DD7B-2FFD-4D30-9CBC-653E203A28B9}.Release|Any CPU.Build.0 = Release|Any CPU
		{9CA7F9BF-31B0-46E3-949E-CF464B2FFD5A}.Debug|Any CPU.ActiveCfg = Debug|Any CPU
		{9CA7F9BF-31B0-46E3-949E-CF464B2FFD5A}.Debug|Any CPU.Build.0 = Debug|Any CPU
		{9CA7F9BF-31B0-46E3-949E-CF464B2FFD5A}.Release|Any CPU.ActiveCfg = Release|Any CPU
		{9CA7F9BF-31B0-46E3-949E-CF464B2FFD5A}.Release|Any CPU.Build.0 = Release|Any CPU
		{C14EA33E-2613-4E27-BBC5-BCE71E7C40B7}.Debug|Any CPU.ActiveCfg = Debug|Any CPU
		{C14EA33E-2613-4E27-BBC5-BCE71E7C40B7}.Debug|Any CPU.Build.0 = Debug|Any CPU
		{C14EA33E-2613-4E27-BBC5-BCE71E7C40B7}.Release|Any CPU.ActiveCfg = Release|Any CPU
		{C14EA33E-2613-4E27-BBC5-BCE71E7C40B7}.Release|Any CPU.Build.0 = Release|Any CPU
		{F0206857-0437-4648-AA9C-FB1214F7A240}.Debug|Any CPU.ActiveCfg = Debug|Any CPU
		{F0206857-0437-4648-AA9C-FB1214F7A240}.Debug|Any CPU.Build.0 = Debug|Any CPU
		{F0206857-0437-4648-AA9C-FB1214F7A240}.Release|Any CPU.ActiveCfg = Release|Any CPU
		{F0206857-0437-4648-AA9C-FB1214F7A240}.Release|Any CPU.Build.0 = Release|Any CPU
		{3DDE34AB-C84D-43A3-BFAD-67D472EDCF92}.Debug|Any CPU.ActiveCfg = Debug|Any CPU
		{3DDE34AB-C84D-43A3-BFAD-67D472EDCF92}.Debug|Any CPU.Build.0 = Debug|Any CPU
		{3DDE34AB-C84D-43A3-BFAD-67D472EDCF92}.Release|Any CPU.ActiveCfg = Release|Any CPU
		{3DDE34AB-C84D-43A3-BFAD-67D472EDCF92}.Release|Any CPU.Build.0 = Release|Any CPU
		{3EE18F44-D0D7-45AC-B8AD-BD56F54DB04F}.Debug|Any CPU.ActiveCfg = Debug|Any CPU
		{3EE18F44-D0D7-45AC-B8AD-BD56F54DB04F}.Debug|Any CPU.Build.0 = Debug|Any CPU
		{3EE18F44-D0D7-45AC-B8AD-BD56F54DB04F}.Release|Any CPU.ActiveCfg = Release|Any CPU
		{3EE18F44-D0D7-45AC-B8AD-BD56F54DB04F}.Release|Any CPU.Build.0 = Release|Any CPU
		{0360BAC7-AEFD-40D4-BD98-93B79A42FC13}.Debug|Any CPU.ActiveCfg = Debug|Any CPU
		{0360BAC7-AEFD-40D4-BD98-93B79A42FC13}.Debug|Any CPU.Build.0 = Debug|Any CPU
		{0360BAC7-AEFD-40D4-BD98-93B79A42FC13}.Release|Any CPU.ActiveCfg = Release|Any CPU
		{0360BAC7-AEFD-40D4-BD98-93B79A42FC13}.Release|Any CPU.Build.0 = Release|Any CPU
		{F1322FE0-552C-4671-B09E-9D348ACBD860}.Debug|Any CPU.ActiveCfg = Debug|Any CPU
		{F1322FE0-552C-4671-B09E-9D348ACBD860}.Debug|Any CPU.Build.0 = Debug|Any CPU
		{F1322FE0-552C-4671-B09E-9D348ACBD860}.Release|Any CPU.ActiveCfg = Release|Any CPU
		{F1322FE0-552C-4671-B09E-9D348ACBD860}.Release|Any CPU.Build.0 = Release|Any CPU
		{9FBA3775-A297-4F13-8B74-B1C4222C1A1B}.Debug|Any CPU.ActiveCfg = Debug|Any CPU
		{9FBA3775-A297-4F13-8B74-B1C4222C1A1B}.Debug|Any CPU.Build.0 = Debug|Any CPU
		{9FBA3775-A297-4F13-8B74-B1C4222C1A1B}.Release|Any CPU.ActiveCfg = Release|Any CPU
		{9FBA3775-A297-4F13-8B74-B1C4222C1A1B}.Release|Any CPU.Build.0 = Release|Any CPU
		{B20ECE64-2BDF-413E-998C-039E7DE98753}.Debug|Any CPU.ActiveCfg = Debug|Any CPU
		{B20ECE64-2BDF-413E-998C-039E7DE98753}.Debug|Any CPU.Build.0 = Debug|Any CPU
		{B20ECE64-2BDF-413E-998C-039E7DE98753}.Release|Any CPU.ActiveCfg = Release|Any CPU
		{B20ECE64-2BDF-413E-998C-039E7DE98753}.Release|Any CPU.Build.0 = Release|Any CPU
		{6533B349-B90B-4341-8545-A4B2AEC3729E}.Debug|Any CPU.ActiveCfg = Debug|Any CPU
		{6533B349-B90B-4341-8545-A4B2AEC3729E}.Debug|Any CPU.Build.0 = Debug|Any CPU
		{6533B349-B90B-4341-8545-A4B2AEC3729E}.Release|Any CPU.ActiveCfg = Release|Any CPU
		{6533B349-B90B-4341-8545-A4B2AEC3729E}.Release|Any CPU.Build.0 = Release|Any CPU
		{33EAD219-3803-4D48-B86F-4079890A2C50}.Debug|Any CPU.ActiveCfg = Debug|Any CPU
		{33EAD219-3803-4D48-B86F-4079890A2C50}.Debug|Any CPU.Build.0 = Debug|Any CPU
		{33EAD219-3803-4D48-B86F-4079890A2C50}.Release|Any CPU.ActiveCfg = Release|Any CPU
		{33EAD219-3803-4D48-B86F-4079890A2C50}.Release|Any CPU.Build.0 = Release|Any CPU
		{AFF0A600-A1CE-4BED-9E49-33ECB0EA168C}.Debug|Any CPU.ActiveCfg = Debug|Any CPU
		{AFF0A600-A1CE-4BED-9E49-33ECB0EA168C}.Debug|Any CPU.Build.0 = Debug|Any CPU
		{AFF0A600-A1CE-4BED-9E49-33ECB0EA168C}.Release|Any CPU.ActiveCfg = Release|Any CPU
		{AFF0A600-A1CE-4BED-9E49-33ECB0EA168C}.Release|Any CPU.Build.0 = Release|Any CPU
		{92868874-B790-4B04-AB76-EE29E27DE0B3}.Debug|Any CPU.ActiveCfg = Debug|Any CPU
		{92868874-B790-4B04-AB76-EE29E27DE0B3}.Debug|Any CPU.Build.0 = Debug|Any CPU
		{92868874-B790-4B04-AB76-EE29E27DE0B3}.Release|Any CPU.ActiveCfg = Release|Any CPU
		{92868874-B790-4B04-AB76-EE29E27DE0B3}.Release|Any CPU.Build.0 = Release|Any CPU
		{D8D2EE9B-8C52-4F08-A766-DEDDE4169814}.Debug|Any CPU.ActiveCfg = Debug|Any CPU
		{D8D2EE9B-8C52-4F08-A766-DEDDE4169814}.Debug|Any CPU.Build.0 = Debug|Any CPU
		{D8D2EE9B-8C52-4F08-A766-DEDDE4169814}.Release|Any CPU.ActiveCfg = Release|Any CPU
		{D8D2EE9B-8C52-4F08-A766-DEDDE4169814}.Release|Any CPU.Build.0 = Release|Any CPU
		{4F239683-3910-48B0-8B0E-E17D6F543770}.Debug|Any CPU.ActiveCfg = Debug|Any CPU
		{4F239683-3910-48B0-8B0E-E17D6F543770}.Debug|Any CPU.Build.0 = Debug|Any CPU
		{4F239683-3910-48B0-8B0E-E17D6F543770}.Release|Any CPU.ActiveCfg = Release|Any CPU
		{4F239683-3910-48B0-8B0E-E17D6F543770}.Release|Any CPU.Build.0 = Release|Any CPU
		{551359F8-54E3-4AA0-825A-C281EF90E9F9}.Debug|Any CPU.ActiveCfg = Debug|Any CPU
		{551359F8-54E3-4AA0-825A-C281EF90E9F9}.Debug|Any CPU.Build.0 = Debug|Any CPU
		{551359F8-54E3-4AA0-825A-C281EF90E9F9}.Release|Any CPU.ActiveCfg = Release|Any CPU
		{551359F8-54E3-4AA0-825A-C281EF90E9F9}.Release|Any CPU.Build.0 = Release|Any CPU
		{A2C6F3EF-58A6-4BCB-BEF5-D22A30C826CE}.Debug|Any CPU.ActiveCfg = Debug|Any CPU
		{A2C6F3EF-58A6-4BCB-BEF5-D22A30C826CE}.Debug|Any CPU.Build.0 = Debug|Any CPU
		{A2C6F3EF-58A6-4BCB-BEF5-D22A30C826CE}.Release|Any CPU.ActiveCfg = Release|Any CPU
		{A2C6F3EF-58A6-4BCB-BEF5-D22A30C826CE}.Release|Any CPU.Build.0 = Release|Any CPU
		{C27E7456-4739-44F6-8510-2FAA6639FAC8}.Debug|Any CPU.ActiveCfg = Debug|Any CPU
		{C27E7456-4739-44F6-8510-2FAA6639FAC8}.Debug|Any CPU.Build.0 = Debug|Any CPU
		{C27E7456-4739-44F6-8510-2FAA6639FAC8}.Release|Any CPU.ActiveCfg = Release|Any CPU
		{C27E7456-4739-44F6-8510-2FAA6639FAC8}.Release|Any CPU.Build.0 = Release|Any CPU
		{4C07136C-EF26-449E-BC9C-901B2334106D}.Debug|Any CPU.ActiveCfg = Debug|Any CPU
		{4C07136C-EF26-449E-BC9C-901B2334106D}.Debug|Any CPU.Build.0 = Debug|Any CPU
		{4C07136C-EF26-449E-BC9C-901B2334106D}.Release|Any CPU.ActiveCfg = Release|Any CPU
		{4C07136C-EF26-449E-BC9C-901B2334106D}.Release|Any CPU.Build.0 = Release|Any CPU
	EndGlobalSection
	GlobalSection(SolutionProperties) = preSolution
		HideSolutionNode = FALSE
	EndGlobalSection
	GlobalSection(ExtensibilityGlobals) = postSolution
		SolutionGuid = {F4EE1220-7FD5-45C3-BFA5-85D724B78727}
	EndGlobalSection
EndGlobal
