
Microsoft Visual Studio Solution File, Format Version 12.00
# Visual Studio Version 17
VisualStudioVersion = 17.2.32630.192
MinimumVisualStudioVersion = 10.0.40219.1
Project("{9A19103F-16F7-4668-BE54-9A1E7A4F7556}") = "R5T.L0050.Construction", "R5T.L0050.Construction\R5T.L0050.Construction.csproj", "{701302CD-D1C5-4C88-8409-53A8122DB44A}"
EndProject
Project("{9A19103F-16F7-4668-BE54-9A1E7A4F7556}") = "R5T.L0050", "R5T.L0050\R5T.L0050.csproj", "{01BA4374-A14B-4EF0-A8F9-29484E7FF005}"
EndProject
Project("{9A19103F-16F7-4668-BE54-9A1E7A4F7556}") = "R5T.L0050.L001", "R5T.L0050.L001\R5T.L0050.L001.csproj", "{E703398F-4326-471B-9266-CF9298E1A121}"
EndProject
Project("{2150E333-8FDC-42A3-9474-1A3956D46DE8}") = "_Dependencies", "_Dependencies", "{75B399BE-9166-4424-B7B7-806AB31E87A1}"
EndProject
Project("{9A19103F-16F7-4668-BE54-9A1E7A4F7556}") = "R5T.F0000", "..\..\R5T.F0000\source\R5T.F0000\R5T.F0000.csproj", "{CE292D56-0E2D-4941-90CA-13663B523400}"
EndProject
Project("{9A19103F-16F7-4668-BE54-9A1E7A4F7556}") = "R5T.F0002", "..\..\R5T.F0002\source\R5T.F0002\R5T.F0002.csproj", "{27C62843-DA3B-402F-A6C5-02C1E6C93499}"
EndProject
Project("{9A19103F-16F7-4668-BE54-9A1E7A4F7556}") = "R5T.F0120", "..\..\R5T.F0120\source\R5T.F0120\R5T.F0120.csproj", "{A5DE553E-7675-457C-89D2-E9CE6067A8E6}"
EndProject
Project("{9A19103F-16F7-4668-BE54-9A1E7A4F7556}") = "R5T.F0124", "..\..\R5T.F0124\source\R5T.F0124\R5T.F0124.csproj", "{96A0AD05-2A8A-4353-B944-50D336A08633}"
EndProject
Project("{9A19103F-16F7-4668-BE54-9A1E7A4F7556}") = "R5T.F0125", "..\..\R5T.F0125\source\R5T.F0125\R5T.F0125.csproj", "{51C54446-7279-42D7-9962-514B9B01B6FF}"
EndProject
Project("{9A19103F-16F7-4668-BE54-9A1E7A4F7556}") = "R5T.L0030.T000", "..\..\R5T.L0030\source\R5T.L0030.T000\R5T.L0030.T000.csproj", "{F5BB3C7C-497B-414F-8194-B80D8912B656}"
EndProject
Project("{9A19103F-16F7-4668-BE54-9A1E7A4F7556}") = "R5T.L0030", "..\..\R5T.L0030\source\R5T.L0030\R5T.L0030.csproj", "{B1F71066-293B-47C0-9406-BFC0A80FF67A}"
EndProject
Project("{9A19103F-16F7-4668-BE54-9A1E7A4F7556}") = "R5T.L0034", "..\..\R5T.L0034\source\R5T.L0034\R5T.L0034.csproj", "{CF715025-2FA8-422A-99EE-3C7980FBAE57}"
EndProject
Project("{9A19103F-16F7-4668-BE54-9A1E7A4F7556}") = "R5T.L0035", "..\..\R5T.L0035\source\R5T.L0035\R5T.L0035.csproj", "{81BE668D-0B1A-4784-8D77-3B4E6CE8335C}"
EndProject
Project("{9A19103F-16F7-4668-BE54-9A1E7A4F7556}") = "R5T.NG0022", "..\..\R5T.NG0022\source\R5T.NG0022\R5T.NG0022.csproj", "{6886F0BD-8369-49B4-9BB5-F7757098F6EC}"
EndProject
Project("{9A19103F-16F7-4668-BE54-9A1E7A4F7556}") = "R5T.T0131", "..\..\R5T.T0131\source\R5T.T0131\R5T.T0131.csproj", "{3B74BE05-5051-4C3F-AB36-D2A4A586C504}"
EndProject
Project("{9A19103F-16F7-4668-BE54-9A1E7A4F7556}") = "R5T.T0132", "..\..\R5T.T0132\source\R5T.T0132\R5T.T0132.csproj", "{F0AFA10F-5C1A-4761-85A7-3BE8657A218A}"
EndProject
Project("{9A19103F-16F7-4668-BE54-9A1E7A4F7556}") = "R5T.T0142", "..\..\R5T.T0142\source\R5T.T0142\R5T.T0142.csproj", "{25B72278-22A7-4BC8-AFF9-5000F82644F2}"
EndProject
Project("{9A19103F-16F7-4668-BE54-9A1E7A4F7556}") = "R5T.T0143", "..\..\R5T.T0143\source\R5T.T0143\R5T.T0143.csproj", "{3883DFA2-4582-4B20-B7FF-3CD7E8D8B5CA}"
EndProject
Project("{9A19103F-16F7-4668-BE54-9A1E7A4F7556}") = "R5T.T0156", "..\..\R5T.T0156\source\R5T.T0156\R5T.T0156.csproj", "{0FE60032-891B-4B55-8F9C-273617BE9B5E}"
EndProject
Project("{9A19103F-16F7-4668-BE54-9A1E7A4F7556}") = "R5T.T0174", "..\..\R5T.T0174\source\R5T.T0174\R5T.T0174.csproj", "{2DF1B436-2AC6-42D2-9C66-705C72F9446E}"
EndProject
Project("{9A19103F-16F7-4668-BE54-9A1E7A4F7556}") = "R5T.T0176", "..\..\R5T.T0176\source\R5T.T0176\R5T.T0176.csproj", "{58E7B25F-DEC6-4778-9C2C-B3BBEC23EC3E}"
EndProject
Project("{9A19103F-16F7-4668-BE54-9A1E7A4F7556}") = "R5T.T0177", "..\..\R5T.T0177\source\R5T.T0177\R5T.T0177.csproj", "{B45CB229-B48D-44BF-A076-B90B803D368D}"
EndProject
Project("{9A19103F-16F7-4668-BE54-9A1E7A4F7556}") = "R5T.T0178", "..\..\R5T.T0178\source\R5T.T0178\R5T.T0178.csproj", "{80BD2D2E-8FB5-4226-AFA6-F69F74A59BFA}"
EndProject
Project("{9A19103F-16F7-4668-BE54-9A1E7A4F7556}") = "R5T.T0179", "..\..\R5T.T0179\source\R5T.T0179\R5T.T0179.csproj", "{5D061726-A615-4DAE-93E4-7CEA32BCC9B0}"
EndProject
Project("{9A19103F-16F7-4668-BE54-9A1E7A4F7556}") = "R5T.T0180", "..\..\R5T.T0180\source\R5T.T0180\R5T.T0180.csproj", "{DEF38788-E264-4F86-A3C0-0018C96AB3F7}"
EndProject
Project("{9A19103F-16F7-4668-BE54-9A1E7A4F7556}") = "R5T.T0181", "..\..\R5T.T0181\source\R5T.T0181\R5T.T0181.csproj", "{E2B1C35A-7E50-488F-8D07-76216A8117F1}"
EndProject
Project("{9A19103F-16F7-4668-BE54-9A1E7A4F7556}") = "R5T.T0185", "..\..\R5T.T0185\source\R5T.T0185\R5T.T0185.csproj", "{AAE5B2F0-273C-448C-A090-D41FE2473574}"
EndProject
Project("{9A19103F-16F7-4668-BE54-9A1E7A4F7556}") = "R5T.T0199", "..\..\R5T.T0199\source\R5T.T0199\R5T.T0199.csproj", "{B8B1EDDE-49F5-49AB-87D7-2277E5EDAA88}"
EndProject
Project("{9A19103F-16F7-4668-BE54-9A1E7A4F7556}") = "R5T.T0203", "..\..\R5T.T0203\source\R5T.T0203\R5T.T0203.csproj", "{697A4231-D62E-4E62-B705-8E7DCA317D03}"
EndProject
Project("{9A19103F-16F7-4668-BE54-9A1E7A4F7556}") = "R5T.T0220", "..\..\R5T.T0220\source\R5T.T0220\R5T.T0220.csproj", "{A6BECF7D-8B6D-4FC5-A645-05F151C8E08C}"
EndProject
Project("{9A19103F-16F7-4668-BE54-9A1E7A4F7556}") = "R5T.T0221", "..\..\R5T.T0221\source\R5T.T0221\R5T.T0221.csproj", "{A4009C81-FBA1-4F85-9E5F-945C72504344}"
EndProject
Project("{9A19103F-16F7-4668-BE54-9A1E7A4F7556}") = "R5T.Y0000", "..\..\R5T.Y0000\source\R5T.Y0000\R5T.Y0000.csproj", "{9B733E61-3230-4388-9F06-0BCC5230E063}"
EndProject
Project("{9A19103F-16F7-4668-BE54-9A1E7A4F7556}") = "R5T.Z0000", "..\..\R5T.Z0000\source\R5T.Z0000\R5T.Z0000.csproj", "{39A82C0B-EDCA-48D2-9FE7-599C1E04FE68}"
EndProject
Project("{9A19103F-16F7-4668-BE54-9A1E7A4F7556}") = "R5T.T0141", "..\..\R5T.T0141\source\R5T.T0141\R5T.T0141.csproj", "{D76447C4-2F56-4B3F-BEC2-ABEB381A5599}"
EndProject
Project("{9A19103F-16F7-4668-BE54-9A1E7A4F7556}") = "R5T.L0049", "..\..\R5T.L0049\source\R5T.L0049\R5T.L0049.csproj", "{D392688A-E0C0-4F3C-9A74-AF7967C28C6A}"
EndProject
Global
	GlobalSection(NestedProjects) = preSolution
		{CE292D56-0E2D-4941-90CA-13663B523400} = {75B399BE-9166-4424-B7B7-806AB31E87A1}
		{27C62843-DA3B-402F-A6C5-02C1E6C93499} = {75B399BE-9166-4424-B7B7-806AB31E87A1}
		{A5DE553E-7675-457C-89D2-E9CE6067A8E6} = {75B399BE-9166-4424-B7B7-806AB31E87A1}
		{96A0AD05-2A8A-4353-B944-50D336A08633} = {75B399BE-9166-4424-B7B7-806AB31E87A1}
		{51C54446-7279-42D7-9962-514B9B01B6FF} = {75B399BE-9166-4424-B7B7-806AB31E87A1}
		{F5BB3C7C-497B-414F-8194-B80D8912B656} = {75B399BE-9166-4424-B7B7-806AB31E87A1}
		{B1F71066-293B-47C0-9406-BFC0A80FF67A} = {75B399BE-9166-4424-B7B7-806AB31E87A1}
		{CF715025-2FA8-422A-99EE-3C7980FBAE57} = {75B399BE-9166-4424-B7B7-806AB31E87A1}
		{81BE668D-0B1A-4784-8D77-3B4E6CE8335C} = {75B399BE-9166-4424-B7B7-806AB31E87A1}
		{6886F0BD-8369-49B4-9BB5-F7757098F6EC} = {75B399BE-9166-4424-B7B7-806AB31E87A1}
		{3B74BE05-5051-4C3F-AB36-D2A4A586C504} = {75B399BE-9166-4424-B7B7-806AB31E87A1}
		{F0AFA10F-5C1A-4761-85A7-3BE8657A218A} = {75B399BE-9166-4424-B7B7-806AB31E87A1}
		{25B72278-22A7-4BC8-AFF9-5000F82644F2} = {75B399BE-9166-4424-B7B7-806AB31E87A1}
		{3883DFA2-4582-4B20-B7FF-3CD7E8D8B5CA} = {75B399BE-9166-4424-B7B7-806AB31E87A1}
		{0FE60032-891B-4B55-8F9C-273617BE9B5E} = {75B399BE-9166-4424-B7B7-806AB31E87A1}
		{2DF1B436-2AC6-42D2-9C66-705C72F9446E} = {75B399BE-9166-4424-B7B7-806AB31E87A1}
		{58E7B25F-DEC6-4778-9C2C-B3BBEC23EC3E} = {75B399BE-9166-4424-B7B7-806AB31E87A1}
		{B45CB229-B48D-44BF-A076-B90B803D368D} = {75B399BE-9166-4424-B7B7-806AB31E87A1}
		{80BD2D2E-8FB5-4226-AFA6-F69F74A59BFA} = {75B399BE-9166-4424-B7B7-806AB31E87A1}
		{5D061726-A615-4DAE-93E4-7CEA32BCC9B0} = {75B399BE-9166-4424-B7B7-806AB31E87A1}
		{DEF38788-E264-4F86-A3C0-0018C96AB3F7} = {75B399BE-9166-4424-B7B7-806AB31E87A1}
		{E2B1C35A-7E50-488F-8D07-76216A8117F1} = {75B399BE-9166-4424-B7B7-806AB31E87A1}
		{AAE5B2F0-273C-448C-A090-D41FE2473574} = {75B399BE-9166-4424-B7B7-806AB31E87A1}
		{B8B1EDDE-49F5-49AB-87D7-2277E5EDAA88} = {75B399BE-9166-4424-B7B7-806AB31E87A1}
		{697A4231-D62E-4E62-B705-8E7DCA317D03} = {75B399BE-9166-4424-B7B7-806AB31E87A1}
		{A6BECF7D-8B6D-4FC5-A645-05F151C8E08C} = {75B399BE-9166-4424-B7B7-806AB31E87A1}
		{A4009C81-FBA1-4F85-9E5F-945C72504344} = {75B399BE-9166-4424-B7B7-806AB31E87A1}
		{9B733E61-3230-4388-9F06-0BCC5230E063} = {75B399BE-9166-4424-B7B7-806AB31E87A1}
		{39A82C0B-EDCA-48D2-9FE7-599C1E04FE68} = {75B399BE-9166-4424-B7B7-806AB31E87A1}
		{D76447C4-2F56-4B3F-BEC2-ABEB381A5599} = {75B399BE-9166-4424-B7B7-806AB31E87A1}
		{D392688A-E0C0-4F3C-9A74-AF7967C28C6A} = {75B399BE-9166-4424-B7B7-806AB31E87A1}
	EndGlobalSection
	GlobalSection(SolutionConfigurationPlatforms) = preSolution
		Debug|Any CPU = Debug|Any CPU
		Release|Any CPU = Release|Any CPU
	EndGlobalSection
	GlobalSection(ProjectConfigurationPlatforms) = postSolution
		{701302CD-D1C5-4C88-8409-53A8122DB44A}.Debug|Any CPU.ActiveCfg = Debug|Any CPU
		{701302CD-D1C5-4C88-8409-53A8122DB44A}.Debug|Any CPU.Build.0 = Debug|Any CPU
		{701302CD-D1C5-4C88-8409-53A8122DB44A}.Release|Any CPU.ActiveCfg = Release|Any CPU
		{701302CD-D1C5-4C88-8409-53A8122DB44A}.Release|Any CPU.Build.0 = Release|Any CPU
		{01BA4374-A14B-4EF0-A8F9-29484E7FF005}.Debug|Any CPU.ActiveCfg = Debug|Any CPU
		{01BA4374-A14B-4EF0-A8F9-29484E7FF005}.Debug|Any CPU.Build.0 = Debug|Any CPU
		{01BA4374-A14B-4EF0-A8F9-29484E7FF005}.Release|Any CPU.ActiveCfg = Release|Any CPU
		{01BA4374-A14B-4EF0-A8F9-29484E7FF005}.Release|Any CPU.Build.0 = Release|Any CPU
		{E703398F-4326-471B-9266-CF9298E1A121}.Debug|Any CPU.ActiveCfg = Debug|Any CPU
		{E703398F-4326-471B-9266-CF9298E1A121}.Debug|Any CPU.Build.0 = Debug|Any CPU
		{E703398F-4326-471B-9266-CF9298E1A121}.Release|Any CPU.ActiveCfg = Release|Any CPU
		{E703398F-4326-471B-9266-CF9298E1A121}.Release|Any CPU.Build.0 = Release|Any CPU
		{CE292D56-0E2D-4941-90CA-13663B523400}.Debug|Any CPU.ActiveCfg = Debug|Any CPU
		{CE292D56-0E2D-4941-90CA-13663B523400}.Debug|Any CPU.Build.0 = Debug|Any CPU
		{CE292D56-0E2D-4941-90CA-13663B523400}.Release|Any CPU.ActiveCfg = Release|Any CPU
		{CE292D56-0E2D-4941-90CA-13663B523400}.Release|Any CPU.Build.0 = Release|Any CPU
		{27C62843-DA3B-402F-A6C5-02C1E6C93499}.Debug|Any CPU.ActiveCfg = Debug|Any CPU
		{27C62843-DA3B-402F-A6C5-02C1E6C93499}.Debug|Any CPU.Build.0 = Debug|Any CPU
		{27C62843-DA3B-402F-A6C5-02C1E6C93499}.Release|Any CPU.ActiveCfg = Release|Any CPU
		{27C62843-DA3B-402F-A6C5-02C1E6C93499}.Release|Any CPU.Build.0 = Release|Any CPU
		{A5DE553E-7675-457C-89D2-E9CE6067A8E6}.Debug|Any CPU.ActiveCfg = Debug|Any CPU
		{A5DE553E-7675-457C-89D2-E9CE6067A8E6}.Debug|Any CPU.Build.0 = Debug|Any CPU
		{A5DE553E-7675-457C-89D2-E9CE6067A8E6}.Release|Any CPU.ActiveCfg = Release|Any CPU
		{A5DE553E-7675-457C-89D2-E9CE6067A8E6}.Release|Any CPU.Build.0 = Release|Any CPU
		{96A0AD05-2A8A-4353-B944-50D336A08633}.Debug|Any CPU.ActiveCfg = Debug|Any CPU
		{96A0AD05-2A8A-4353-B944-50D336A08633}.Debug|Any CPU.Build.0 = Debug|Any CPU
		{96A0AD05-2A8A-4353-B944-50D336A08633}.Release|Any CPU.ActiveCfg = Release|Any CPU
		{96A0AD05-2A8A-4353-B944-50D336A08633}.Release|Any CPU.Build.0 = Release|Any CPU
		{51C54446-7279-42D7-9962-514B9B01B6FF}.Debug|Any CPU.ActiveCfg = Debug|Any CPU
		{51C54446-7279-42D7-9962-514B9B01B6FF}.Debug|Any CPU.Build.0 = Debug|Any CPU
		{51C54446-7279-42D7-9962-514B9B01B6FF}.Release|Any CPU.ActiveCfg = Release|Any CPU
		{51C54446-7279-42D7-9962-514B9B01B6FF}.Release|Any CPU.Build.0 = Release|Any CPU
		{F5BB3C7C-497B-414F-8194-B80D8912B656}.Debug|Any CPU.ActiveCfg = Debug|Any CPU
		{F5BB3C7C-497B-414F-8194-B80D8912B656}.Debug|Any CPU.Build.0 = Debug|Any CPU
		{F5BB3C7C-497B-414F-8194-B80D8912B656}.Release|Any CPU.ActiveCfg = Release|Any CPU
		{F5BB3C7C-497B-414F-8194-B80D8912B656}.Release|Any CPU.Build.0 = Release|Any CPU
		{B1F71066-293B-47C0-9406-BFC0A80FF67A}.Debug|Any CPU.ActiveCfg = Debug|Any CPU
		{B1F71066-293B-47C0-9406-BFC0A80FF67A}.Debug|Any CPU.Build.0 = Debug|Any CPU
		{B1F71066-293B-47C0-9406-BFC0A80FF67A}.Release|Any CPU.ActiveCfg = Release|Any CPU
		{B1F71066-293B-47C0-9406-BFC0A80FF67A}.Release|Any CPU.Build.0 = Release|Any CPU
		{CF715025-2FA8-422A-99EE-3C7980FBAE57}.Debug|Any CPU.ActiveCfg = Debug|Any CPU
		{CF715025-2FA8-422A-99EE-3C7980FBAE57}.Debug|Any CPU.Build.0 = Debug|Any CPU
		{CF715025-2FA8-422A-99EE-3C7980FBAE57}.Release|Any CPU.ActiveCfg = Release|Any CPU
		{CF715025-2FA8-422A-99EE-3C7980FBAE57}.Release|Any CPU.Build.0 = Release|Any CPU
		{81BE668D-0B1A-4784-8D77-3B4E6CE8335C}.Debug|Any CPU.ActiveCfg = Debug|Any CPU
		{81BE668D-0B1A-4784-8D77-3B4E6CE8335C}.Debug|Any CPU.Build.0 = Debug|Any CPU
		{81BE668D-0B1A-4784-8D77-3B4E6CE8335C}.Release|Any CPU.ActiveCfg = Release|Any CPU
		{81BE668D-0B1A-4784-8D77-3B4E6CE8335C}.Release|Any CPU.Build.0 = Release|Any CPU
		{6886F0BD-8369-49B4-9BB5-F7757098F6EC}.Debug|Any CPU.ActiveCfg = Debug|Any CPU
		{6886F0BD-8369-49B4-9BB5-F7757098F6EC}.Debug|Any CPU.Build.0 = Debug|Any CPU
		{6886F0BD-8369-49B4-9BB5-F7757098F6EC}.Release|Any CPU.ActiveCfg = Release|Any CPU
		{6886F0BD-8369-49B4-9BB5-F7757098F6EC}.Release|Any CPU.Build.0 = Release|Any CPU
		{3B74BE05-5051-4C3F-AB36-D2A4A586C504}.Debug|Any CPU.ActiveCfg = Debug|Any CPU
		{3B74BE05-5051-4C3F-AB36-D2A4A586C504}.Debug|Any CPU.Build.0 = Debug|Any CPU
		{3B74BE05-5051-4C3F-AB36-D2A4A586C504}.Release|Any CPU.ActiveCfg = Release|Any CPU
		{3B74BE05-5051-4C3F-AB36-D2A4A586C504}.Release|Any CPU.Build.0 = Release|Any CPU
		{F0AFA10F-5C1A-4761-85A7-3BE8657A218A}.Debug|Any CPU.ActiveCfg = Debug|Any CPU
		{F0AFA10F-5C1A-4761-85A7-3BE8657A218A}.Debug|Any CPU.Build.0 = Debug|Any CPU
		{F0AFA10F-5C1A-4761-85A7-3BE8657A218A}.Release|Any CPU.ActiveCfg = Release|Any CPU
		{F0AFA10F-5C1A-4761-85A7-3BE8657A218A}.Release|Any CPU.Build.0 = Release|Any CPU
		{25B72278-22A7-4BC8-AFF9-5000F82644F2}.Debug|Any CPU.ActiveCfg = Debug|Any CPU
		{25B72278-22A7-4BC8-AFF9-5000F82644F2}.Debug|Any CPU.Build.0 = Debug|Any CPU
		{25B72278-22A7-4BC8-AFF9-5000F82644F2}.Release|Any CPU.ActiveCfg = Release|Any CPU
		{25B72278-22A7-4BC8-AFF9-5000F82644F2}.Release|Any CPU.Build.0 = Release|Any CPU
		{3883DFA2-4582-4B20-B7FF-3CD7E8D8B5CA}.Debug|Any CPU.ActiveCfg = Debug|Any CPU
		{3883DFA2-4582-4B20-B7FF-3CD7E8D8B5CA}.Debug|Any CPU.Build.0 = Debug|Any CPU
		{3883DFA2-4582-4B20-B7FF-3CD7E8D8B5CA}.Release|Any CPU.ActiveCfg = Release|Any CPU
		{3883DFA2-4582-4B20-B7FF-3CD7E8D8B5CA}.Release|Any CPU.Build.0 = Release|Any CPU
		{0FE60032-891B-4B55-8F9C-273617BE9B5E}.Debug|Any CPU.ActiveCfg = Debug|Any CPU
		{0FE60032-891B-4B55-8F9C-273617BE9B5E}.Debug|Any CPU.Build.0 = Debug|Any CPU
		{0FE60032-891B-4B55-8F9C-273617BE9B5E}.Release|Any CPU.ActiveCfg = Release|Any CPU
		{0FE60032-891B-4B55-8F9C-273617BE9B5E}.Release|Any CPU.Build.0 = Release|Any CPU
		{2DF1B436-2AC6-42D2-9C66-705C72F9446E}.Debug|Any CPU.ActiveCfg = Debug|Any CPU
		{2DF1B436-2AC6-42D2-9C66-705C72F9446E}.Debug|Any CPU.Build.0 = Debug|Any CPU
		{2DF1B436-2AC6-42D2-9C66-705C72F9446E}.Release|Any CPU.ActiveCfg = Release|Any CPU
		{2DF1B436-2AC6-42D2-9C66-705C72F9446E}.Release|Any CPU.Build.0 = Release|Any CPU
		{58E7B25F-DEC6-4778-9C2C-B3BBEC23EC3E}.Debug|Any CPU.ActiveCfg = Debug|Any CPU
		{58E7B25F-DEC6-4778-9C2C-B3BBEC23EC3E}.Debug|Any CPU.Build.0 = Debug|Any CPU
		{58E7B25F-DEC6-4778-9C2C-B3BBEC23EC3E}.Release|Any CPU.ActiveCfg = Release|Any CPU
		{58E7B25F-DEC6-4778-9C2C-B3BBEC23EC3E}.Release|Any CPU.Build.0 = Release|Any CPU
		{B45CB229-B48D-44BF-A076-B90B803D368D}.Debug|Any CPU.ActiveCfg = Debug|Any CPU
		{B45CB229-B48D-44BF-A076-B90B803D368D}.Debug|Any CPU.Build.0 = Debug|Any CPU
		{B45CB229-B48D-44BF-A076-B90B803D368D}.Release|Any CPU.ActiveCfg = Release|Any CPU
		{B45CB229-B48D-44BF-A076-B90B803D368D}.Release|Any CPU.Build.0 = Release|Any CPU
		{80BD2D2E-8FB5-4226-AFA6-F69F74A59BFA}.Debug|Any CPU.ActiveCfg = Debug|Any CPU
		{80BD2D2E-8FB5-4226-AFA6-F69F74A59BFA}.Debug|Any CPU.Build.0 = Debug|Any CPU
		{80BD2D2E-8FB5-4226-AFA6-F69F74A59BFA}.Release|Any CPU.ActiveCfg = Release|Any CPU
		{80BD2D2E-8FB5-4226-AFA6-F69F74A59BFA}.Release|Any CPU.Build.0 = Release|Any CPU
		{5D061726-A615-4DAE-93E4-7CEA32BCC9B0}.Debug|Any CPU.ActiveCfg = Debug|Any CPU
		{5D061726-A615-4DAE-93E4-7CEA32BCC9B0}.Debug|Any CPU.Build.0 = Debug|Any CPU
		{5D061726-A615-4DAE-93E4-7CEA32BCC9B0}.Release|Any CPU.ActiveCfg = Release|Any CPU
		{5D061726-A615-4DAE-93E4-7CEA32BCC9B0}.Release|Any CPU.Build.0 = Release|Any CPU
		{DEF38788-E264-4F86-A3C0-0018C96AB3F7}.Debug|Any CPU.ActiveCfg = Debug|Any CPU
		{DEF38788-E264-4F86-A3C0-0018C96AB3F7}.Debug|Any CPU.Build.0 = Debug|Any CPU
		{DEF38788-E264-4F86-A3C0-0018C96AB3F7}.Release|Any CPU.ActiveCfg = Release|Any CPU
		{DEF38788-E264-4F86-A3C0-0018C96AB3F7}.Release|Any CPU.Build.0 = Release|Any CPU
		{E2B1C35A-7E50-488F-8D07-76216A8117F1}.Debug|Any CPU.ActiveCfg = Debug|Any CPU
		{E2B1C35A-7E50-488F-8D07-76216A8117F1}.Debug|Any CPU.Build.0 = Debug|Any CPU
		{E2B1C35A-7E50-488F-8D07-76216A8117F1}.Release|Any CPU.ActiveCfg = Release|Any CPU
		{E2B1C35A-7E50-488F-8D07-76216A8117F1}.Release|Any CPU.Build.0 = Release|Any CPU
		{AAE5B2F0-273C-448C-A090-D41FE2473574}.Debug|Any CPU.ActiveCfg = Debug|Any CPU
		{AAE5B2F0-273C-448C-A090-D41FE2473574}.Debug|Any CPU.Build.0 = Debug|Any CPU
		{AAE5B2F0-273C-448C-A090-D41FE2473574}.Release|Any CPU.ActiveCfg = Release|Any CPU
		{AAE5B2F0-273C-448C-A090-D41FE2473574}.Release|Any CPU.Build.0 = Release|Any CPU
		{B8B1EDDE-49F5-49AB-87D7-2277E5EDAA88}.Debug|Any CPU.ActiveCfg = Debug|Any CPU
		{B8B1EDDE-49F5-49AB-87D7-2277E5EDAA88}.Debug|Any CPU.Build.0 = Debug|Any CPU
		{B8B1EDDE-49F5-49AB-87D7-2277E5EDAA88}.Release|Any CPU.ActiveCfg = Release|Any CPU
		{B8B1EDDE-49F5-49AB-87D7-2277E5EDAA88}.Release|Any CPU.Build.0 = Release|Any CPU
		{697A4231-D62E-4E62-B705-8E7DCA317D03}.Debug|Any CPU.ActiveCfg = Debug|Any CPU
		{697A4231-D62E-4E62-B705-8E7DCA317D03}.Debug|Any CPU.Build.0 = Debug|Any CPU
		{697A4231-D62E-4E62-B705-8E7DCA317D03}.Release|Any CPU.ActiveCfg = Release|Any CPU
		{697A4231-D62E-4E62-B705-8E7DCA317D03}.Release|Any CPU.Build.0 = Release|Any CPU
		{A6BECF7D-8B6D-4FC5-A645-05F151C8E08C}.Debug|Any CPU.ActiveCfg = Debug|Any CPU
		{A6BECF7D-8B6D-4FC5-A645-05F151C8E08C}.Debug|Any CPU.Build.0 = Debug|Any CPU
		{A6BECF7D-8B6D-4FC5-A645-05F151C8E08C}.Release|Any CPU.ActiveCfg = Release|Any CPU
		{A6BECF7D-8B6D-4FC5-A645-05F151C8E08C}.Release|Any CPU.Build.0 = Release|Any CPU
		{A4009C81-FBA1-4F85-9E5F-945C72504344}.Debug|Any CPU.ActiveCfg = Debug|Any CPU
		{A4009C81-FBA1-4F85-9E5F-945C72504344}.Debug|Any CPU.Build.0 = Debug|Any CPU
		{A4009C81-FBA1-4F85-9E5F-945C72504344}.Release|Any CPU.ActiveCfg = Release|Any CPU
		{A4009C81-FBA1-4F85-9E5F-945C72504344}.Release|Any CPU.Build.0 = Release|Any CPU
		{9B733E61-3230-4388-9F06-0BCC5230E063}.Debug|Any CPU.ActiveCfg = Debug|Any CPU
		{9B733E61-3230-4388-9F06-0BCC5230E063}.Debug|Any CPU.Build.0 = Debug|Any CPU
		{9B733E61-3230-4388-9F06-0BCC5230E063}.Release|Any CPU.ActiveCfg = Release|Any CPU
		{9B733E61-3230-4388-9F06-0BCC5230E063}.Release|Any CPU.Build.0 = Release|Any CPU
		{39A82C0B-EDCA-48D2-9FE7-599C1E04FE68}.Debug|Any CPU.ActiveCfg = Debug|Any CPU
		{39A82C0B-EDCA-48D2-9FE7-599C1E04FE68}.Debug|Any CPU.Build.0 = Debug|Any CPU
		{39A82C0B-EDCA-48D2-9FE7-599C1E04FE68}.Release|Any CPU.ActiveCfg = Release|Any CPU
		{39A82C0B-EDCA-48D2-9FE7-599C1E04FE68}.Release|Any CPU.Build.0 = Release|Any CPU
		{D76447C4-2F56-4B3F-BEC2-ABEB381A5599}.Debug|Any CPU.ActiveCfg = Debug|Any CPU
		{D76447C4-2F56-4B3F-BEC2-ABEB381A5599}.Debug|Any CPU.Build.0 = Debug|Any CPU
		{D76447C4-2F56-4B3F-BEC2-ABEB381A5599}.Release|Any CPU.ActiveCfg = Release|Any CPU
		{D76447C4-2F56-4B3F-BEC2-ABEB381A5599}.Release|Any CPU.Build.0 = Release|Any CPU
		{D392688A-E0C0-4F3C-9A74-AF7967C28C6A}.Debug|Any CPU.ActiveCfg = Debug|Any CPU
		{D392688A-E0C0-4F3C-9A74-AF7967C28C6A}.Debug|Any CPU.Build.0 = Debug|Any CPU
		{D392688A-E0C0-4F3C-9A74-AF7967C28C6A}.Release|Any CPU.ActiveCfg = Release|Any CPU
		{D392688A-E0C0-4F3C-9A74-AF7967C28C6A}.Release|Any CPU.Build.0 = Release|Any CPU
	EndGlobalSection
	GlobalSection(SolutionProperties) = preSolution
		HideSolutionNode = FALSE
	EndGlobalSection
	GlobalSection(ExtensibilityGlobals) = postSolution
		SolutionGuid = {FE6D02CB-53D6-409C-B7BC-22CB62D7F598}
	EndGlobalSection
EndGlobal
